
Microsoft Visual Studio Solution File, Format Version 12.00
# Visual Studio Version 17
VisualStudioVersion = 17.1.32421.90
MinimumVisualStudioVersion = 10.0.40219.1
Project("{FAE04EC0-301F-11D3-BF4B-00C04F79EFBC}") = "Konyvtar_App", "Konyvtar_App\Konyvtar_App.csproj", "{80B7CB16-CCEE-483A-AF61-48D2DE9A538E}"
EndProject
Global
	GlobalSection(SolutionConfigurationPlatforms) = preSolution
		Debug|Any CPU = Debug|Any CPU
		Release|Any CPU = Release|Any CPU
	EndGlobalSection
	GlobalSection(ProjectConfigurationPlatforms) = postSolution
		{80B7CB16-CCEE-483A-AF61-48D2DE9A538E}.Debug|Any CPU.ActiveCfg = Debug|Any CPU
		{80B7CB16-CCEE-483A-AF61-48D2DE9A538E}.Debug|Any CPU.Build.0 = Debug|Any CPU
		{80B7CB16-CCEE-483A-AF61-48D2DE9A538E}.Release|Any CPU.ActiveCfg = Release|Any CPU
		{80B7CB16-CCEE-483A-AF61-48D2DE9A538E}.Release|Any CPU.Build.0 = Release|Any CPU
	EndGlobalSection
	GlobalSection(SolutionProperties) = preSolution
		HideSolutionNode = FALSE
	EndGlobalSection
	GlobalSection(ExtensibilityGlobals) = postSolution
		SolutionGuid = {D15292E8-F957-4840-AC61-B43F60662FC4}
	EndGlobalSection
EndGlobal
